
Microsoft Visual Studio Solution File, Format Version 12.00
# Visual Studio 15
VisualStudioVersion = 15.0.27428.2037
MinimumVisualStudioVersion = 10.0.40219.1
Project("{FAE04EC0-301F-11D3-BF4B-00C04F79EFBC}") = "01. Reverse Numbers", "01. Reverse Numbers\01. Reverse Numbers.csproj", "{93741F1A-D09F-4F6B-9A6E-F4BB1DAD7C05}"
EndProject
Project("{FAE04EC0-301F-11D3-BF4B-00C04F79EFBC}") = "02. Basic Stack Operations", "02. Basic Stack Operations\02. Basic Stack Operations.csproj", "{6D9C5A2A-9E7F-4D6F-900E-CF9528F122E0}"
EndProject
Global
	GlobalSection(SolutionConfigurationPlatforms) = preSolution
		Debug|Any CPU = Debug|Any CPU
		Release|Any CPU = Release|Any CPU
	EndGlobalSection
	GlobalSection(ProjectConfigurationPlatforms) = postSolution
		{93741F1A-D09F-4F6B-9A6E-F4BB1DAD7C05}.Debug|Any CPU.ActiveCfg = Debug|Any CPU
		{93741F1A-D09F-4F6B-9A6E-F4BB1DAD7C05}.Debug|Any CPU.Build.0 = Debug|Any CPU
		{93741F1A-D09F-4F6B-9A6E-F4BB1DAD7C05}.Release|Any CPU.ActiveCfg = Release|Any CPU
		{93741F1A-D09F-4F6B-9A6E-F4BB1DAD7C05}.Release|Any CPU.Build.0 = Release|Any CPU
		{6D9C5A2A-9E7F-4D6F-900E-CF9528F122E0}.Debug|Any CPU.ActiveCfg = Debug|Any CPU
		{6D9C5A2A-9E7F-4D6F-900E-CF9528F122E0}.Debug|Any CPU.Build.0 = Debug|Any CPU
		{6D9C5A2A-9E7F-4D6F-900E-CF9528F122E0}.Release|Any CPU.ActiveCfg = Release|Any CPU
		{6D9C5A2A-9E7F-4D6F-900E-CF9528F122E0}.Release|Any CPU.Build.0 = Release|Any CPU
	EndGlobalSection
	GlobalSection(SolutionProperties) = preSolution
		HideSolutionNode = FALSE
	EndGlobalSection
	GlobalSection(ExtensibilityGlobals) = postSolution
		SolutionGuid = {5EDC814F-9DAF-40A1-A0F4-A5D708306ECF}
	EndGlobalSection
EndGlobal
