
Microsoft Visual Studio Solution File, Format Version 12.00
# Visual Studio 15
VisualStudioVersion = 15.0.27428.2037
MinimumVisualStudioVersion = 10.0.40219.1
Project("{FAE04EC0-301F-11D3-BF4B-00C04F79EFBC}") = "01. Reverse Numbers", "01. Reverse Numbers\01. Reverse Numbers.csproj", "{93741F1A-D09F-4F6B-9A6E-F4BB1DAD7C05}"
EndProject
Project("{FAE04EC0-301F-11D3-BF4B-00C04F79EFBC}") = "02. Basic Stack Operations", "02. Basic Stack Operations\02. Basic Stack Operations.csproj", "{6D9C5A2A-9E7F-4D6F-900E-CF9528F122E0}"
EndProject
Project("{FAE04EC0-301F-11D3-BF4B-00C04F79EFBC}") = "03. Maximum Element", "03. Maximum Element\03. Maximum Element.csproj", "{6C0BEAC2-7D7F-4314-8093-D14362EBFE26}"
EndProject
Project("{FAE04EC0-301F-11D3-BF4B-00C04F79EFBC}") = "04. Basic Queue Operations", "04. Basic Queue Operations\04. Basic Queue Operations.csproj", "{17380C5B-93BB-4AF5-96FC-89A128AD68E8}"
EndProject
Project("{FAE04EC0-301F-11D3-BF4B-00C04F79EFBC}") = "05. Sequence With Queue", "05. Sequence With Queue\05. Sequence With Queue.csproj", "{970F29CE-E114-4676-BE8D-77B20891674B}"
EndProject
Project("{FAE04EC0-301F-11D3-BF4B-00C04F79EFBC}") = "06. Truck Tour", "06. Truck Tour\06. Truck Tour.csproj", "{1DAB50B3-180B-41BD-A39F-EF7052890908}"
EndProject
Project("{FAE04EC0-301F-11D3-BF4B-00C04F79EFBC}") = "07. Balanced Parenthesis", "07. Balanced Parenthesis\07. Balanced Parenthesis.csproj", "{7973A57A-DC10-4115-8EA8-FC49850DB755}"
EndProject
Project("{FAE04EC0-301F-11D3-BF4B-00C04F79EFBC}") = "08. Recursive Fibonacci", "08. Recursive Fibonacci\08. Recursive Fibonacci.csproj", "{A633E258-1C2A-40C7-BE9E-9017292382F3}"
EndProject
Project("{FAE04EC0-301F-11D3-BF4B-00C04F79EFBC}") = "09. Stack Fibonacci", "09. Stack Fibonacci\09. Stack Fibonacci.csproj", "{7AB13AC1-00D3-4C27-815C-6FD4170896D5}"
EndProject
Project("{FAE04EC0-301F-11D3-BF4B-00C04F79EFBC}") = "10. Simple Text Editor", "10. Simple Text Editor\10. Simple Text Editor.csproj", "{4C1A5F5D-A52C-4E0D-B1C0-D7575CA763FF}"
EndProject
Project("{FAE04EC0-301F-11D3-BF4B-00C04F79EFBC}") = "11. Poisonous Plants", "11. Poisonous Plants\11. Poisonous Plants.csproj", "{E4AA2F76-DFE7-42F4-B95C-FCB73A1024C8}"
EndProject
Global
	GlobalSection(SolutionConfigurationPlatforms) = preSolution
		Debug|Any CPU = Debug|Any CPU
		Release|Any CPU = Release|Any CPU
	EndGlobalSection
	GlobalSection(ProjectConfigurationPlatforms) = postSolution
		{93741F1A-D09F-4F6B-9A6E-F4BB1DAD7C05}.Debug|Any CPU.ActiveCfg = Debug|Any CPU
		{93741F1A-D09F-4F6B-9A6E-F4BB1DAD7C05}.Debug|Any CPU.Build.0 = Debug|Any CPU
		{93741F1A-D09F-4F6B-9A6E-F4BB1DAD7C05}.Release|Any CPU.ActiveCfg = Release|Any CPU
		{93741F1A-D09F-4F6B-9A6E-F4BB1DAD7C05}.Release|Any CPU.Build.0 = Release|Any CPU
		{6D9C5A2A-9E7F-4D6F-900E-CF9528F122E0}.Debug|Any CPU.ActiveCfg = Debug|Any CPU
		{6D9C5A2A-9E7F-4D6F-900E-CF9528F122E0}.Debug|Any CPU.Build.0 = Debug|Any CPU
		{6D9C5A2A-9E7F-4D6F-900E-CF9528F122E0}.Release|Any CPU.ActiveCfg = Release|Any CPU
		{6D9C5A2A-9E7F-4D6F-900E-CF9528F122E0}.Release|Any CPU.Build.0 = Release|Any CPU
		{6C0BEAC2-7D7F-4314-8093-D14362EBFE26}.Debug|Any CPU.ActiveCfg = Debug|Any CPU
		{6C0BEAC2-7D7F-4314-8093-D14362EBFE26}.Debug|Any CPU.Build.0 = Debug|Any CPU
		{6C0BEAC2-7D7F-4314-8093-D14362EBFE26}.Release|Any CPU.ActiveCfg = Release|Any CPU
		{6C0BEAC2-7D7F-4314-8093-D14362EBFE26}.Release|Any CPU.Build.0 = Release|Any CPU
		{17380C5B-93BB-4AF5-96FC-89A128AD68E8}.Debug|Any CPU.ActiveCfg = Debug|Any CPU
		{17380C5B-93BB-4AF5-96FC-89A128AD68E8}.Debug|Any CPU.Build.0 = Debug|Any CPU
		{17380C5B-93BB-4AF5-96FC-89A128AD68E8}.Release|Any CPU.ActiveCfg = Release|Any CPU
		{17380C5B-93BB-4AF5-96FC-89A128AD68E8}.Release|Any CPU.Build.0 = Release|Any CPU
		{970F29CE-E114-4676-BE8D-77B20891674B}.Debug|Any CPU.ActiveCfg = Debug|Any CPU
		{970F29CE-E114-4676-BE8D-77B20891674B}.Debug|Any CPU.Build.0 = Debug|Any CPU
		{970F29CE-E114-4676-BE8D-77B20891674B}.Release|Any CPU.ActiveCfg = Release|Any CPU
		{970F29CE-E114-4676-BE8D-77B20891674B}.Release|Any CPU.Build.0 = Release|Any CPU
		{1DAB50B3-180B-41BD-A39F-EF7052890908}.Debug|Any CPU.ActiveCfg = Debug|Any CPU
		{1DAB50B3-180B-41BD-A39F-EF7052890908}.Debug|Any CPU.Build.0 = Debug|Any CPU
		{1DAB50B3-180B-41BD-A39F-EF7052890908}.Release|Any CPU.ActiveCfg = Release|Any CPU
		{1DAB50B3-180B-41BD-A39F-EF7052890908}.Release|Any CPU.Build.0 = Release|Any CPU
		{7973A57A-DC10-4115-8EA8-FC49850DB755}.Debug|Any CPU.ActiveCfg = Debug|Any CPU
		{7973A57A-DC10-4115-8EA8-FC49850DB755}.Debug|Any CPU.Build.0 = Debug|Any CPU
		{7973A57A-DC10-4115-8EA8-FC49850DB755}.Release|Any CPU.ActiveCfg = Release|Any CPU
		{7973A57A-DC10-4115-8EA8-FC49850DB755}.Release|Any CPU.Build.0 = Release|Any CPU
		{A633E258-1C2A-40C7-BE9E-9017292382F3}.Debug|Any CPU.ActiveCfg = Debug|Any CPU
		{A633E258-1C2A-40C7-BE9E-9017292382F3}.Debug|Any CPU.Build.0 = Debug|Any CPU
		{A633E258-1C2A-40C7-BE9E-9017292382F3}.Release|Any CPU.ActiveCfg = Release|Any CPU
		{A633E258-1C2A-40C7-BE9E-9017292382F3}.Release|Any CPU.Build.0 = Release|Any CPU
		{7AB13AC1-00D3-4C27-815C-6FD4170896D5}.Debug|Any CPU.ActiveCfg = Debug|Any CPU
		{7AB13AC1-00D3-4C27-815C-6FD4170896D5}.Debug|Any CPU.Build.0 = Debug|Any CPU
		{7AB13AC1-00D3-4C27-815C-6FD4170896D5}.Release|Any CPU.ActiveCfg = Release|Any CPU
		{7AB13AC1-00D3-4C27-815C-6FD4170896D5}.Release|Any CPU.Build.0 = Release|Any CPU
		{4C1A5F5D-A52C-4E0D-B1C0-D7575CA763FF}.Debug|Any CPU.ActiveCfg = Debug|Any CPU
		{4C1A5F5D-A52C-4E0D-B1C0-D7575CA763FF}.Debug|Any CPU.Build.0 = Debug|Any CPU
		{4C1A5F5D-A52C-4E0D-B1C0-D7575CA763FF}.Release|Any CPU.ActiveCfg = Release|Any CPU
		{4C1A5F5D-A52C-4E0D-B1C0-D7575CA763FF}.Release|Any CPU.Build.0 = Release|Any CPU
		{E4AA2F76-DFE7-42F4-B95C-FCB73A1024C8}.Debug|Any CPU.ActiveCfg = Debug|Any CPU
		{E4AA2F76-DFE7-42F4-B95C-FCB73A1024C8}.Debug|Any CPU.Build.0 = Debug|Any CPU
		{E4AA2F76-DFE7-42F4-B95C-FCB73A1024C8}.Release|Any CPU.ActiveCfg = Release|Any CPU
		{E4AA2F76-DFE7-42F4-B95C-FCB73A1024C8}.Release|Any CPU.Build.0 = Release|Any CPU
	EndGlobalSection
	GlobalSection(SolutionProperties) = preSolution
		HideSolutionNode = FALSE
	EndGlobalSection
	GlobalSection(ExtensibilityGlobals) = postSolution
		SolutionGuid = {5EDC814F-9DAF-40A1-A0F4-A5D708306ECF}
	EndGlobalSection
EndGlobal

