
Microsoft Visual Studio Solution File, Format Version 12.00
# Visual Studio Version 16
VisualStudioVersion = 16.0.31321.278
MinimumVisualStudioVersion = 10.0.40219.1
Project("{FAE04EC0-301F-11D3-BF4B-00C04F79EFBC}") = "01. Even Lines", "01. Even Lines\01. Even Lines.csproj", "{BA84EAAD-6CDD-4C7E-9AF6-805D12F85057}"
EndProject
Project("{FAE04EC0-301F-11D3-BF4B-00C04F79EFBC}") = "02. Line Numbers", "02. Line Numbers\02. Line Numbers.csproj", "{A9137E8F-0F02-4F8E-AA44-FC097111952A}"
EndProject
Project("{FAE04EC0-301F-11D3-BF4B-00C04F79EFBC}") = "03. Word Count", "03. Word Count\03. Word Count.csproj", "{72488F92-135A-48DD-8F5F-A79A451613BA}"
EndProject
Project("{FAE04EC0-301F-11D3-BF4B-00C04F79EFBC}") = "04. Copy Binary File", "04. Copy Binary File\04. Copy Binary File.csproj", "{F597F51C-FD11-4B17-8410-44661E3A5A5B}"
EndProject
Project("{FAE04EC0-301F-11D3-BF4B-00C04F79EFBC}") = "05. Directory Traversal", "05. Directory Traversal\05. Directory Traversal.csproj", "{CFCCC776-C160-4DD4-92E6-57840978E5DA}"
EndProject
Project("{FAE04EC0-301F-11D3-BF4B-00C04F79EFBC}") = "06. Zip and Extract", "06. Zip and Extract\06. Zip and Extract.csproj", "{3DFC819D-1424-44CE-81CB-3B85480C7CD1}"
EndProject
Global
	GlobalSection(SolutionConfigurationPlatforms) = preSolution
		Debug|Any CPU = Debug|Any CPU
		Release|Any CPU = Release|Any CPU
	EndGlobalSection
	GlobalSection(ProjectConfigurationPlatforms) = postSolution
		{BA84EAAD-6CDD-4C7E-9AF6-805D12F85057}.Debug|Any CPU.ActiveCfg = Debug|Any CPU
		{BA84EAAD-6CDD-4C7E-9AF6-805D12F85057}.Debug|Any CPU.Build.0 = Debug|Any CPU
		{BA84EAAD-6CDD-4C7E-9AF6-805D12F85057}.Release|Any CPU.ActiveCfg = Release|Any CPU
		{BA84EAAD-6CDD-4C7E-9AF6-805D12F85057}.Release|Any CPU.Build.0 = Release|Any CPU
		{A9137E8F-0F02-4F8E-AA44-FC097111952A}.Debug|Any CPU.ActiveCfg = Debug|Any CPU
		{A9137E8F-0F02-4F8E-AA44-FC097111952A}.Debug|Any CPU.Build.0 = Debug|Any CPU
		{A9137E8F-0F02-4F8E-AA44-FC097111952A}.Release|Any CPU.ActiveCfg = Release|Any CPU
		{A9137E8F-0F02-4F8E-AA44-FC097111952A}.Release|Any CPU.Build.0 = Release|Any CPU
		{72488F92-135A-48DD-8F5F-A79A451613BA}.Debug|Any CPU.ActiveCfg = Debug|Any CPU
		{72488F92-135A-48DD-8F5F-A79A451613BA}.Debug|Any CPU.Build.0 = Debug|Any CPU
		{72488F92-135A-48DD-8F5F-A79A451613BA}.Release|Any CPU.ActiveCfg = Release|Any CPU
		{72488F92-135A-48DD-8F5F-A79A451613BA}.Release|Any CPU.Build.0 = Release|Any CPU
		{F597F51C-FD11-4B17-8410-44661E3A5A5B}.Debug|Any CPU.ActiveCfg = Debug|Any CPU
		{F597F51C-FD11-4B17-8410-44661E3A5A5B}.Debug|Any CPU.Build.0 = Debug|Any CPU
		{F597F51C-FD11-4B17-8410-44661E3A5A5B}.Release|Any CPU.ActiveCfg = Release|Any CPU
		{F597F51C-FD11-4B17-8410-44661E3A5A5B}.Release|Any CPU.Build.0 = Release|Any CPU
		{CFCCC776-C160-4DD4-92E6-57840978E5DA}.Debug|Any CPU.ActiveCfg = Debug|Any CPU
		{CFCCC776-C160-4DD4-92E6-57840978E5DA}.Debug|Any CPU.Build.0 = Debug|Any CPU
		{CFCCC776-C160-4DD4-92E6-57840978E5DA}.Release|Any CPU.ActiveCfg = Release|Any CPU
		{CFCCC776-C160-4DD4-92E6-57840978E5DA}.Release|Any CPU.Build.0 = Release|Any CPU
		{3DFC819D-1424-44CE-81CB-3B85480C7CD1}.Debug|Any CPU.ActiveCfg = Debug|Any CPU
		{3DFC819D-1424-44CE-81CB-3B85480C7CD1}.Debug|Any CPU.Build.0 = Debug|Any CPU
		{3DFC819D-1424-44CE-81CB-3B85480C7CD1}.Release|Any CPU.ActiveCfg = Release|Any CPU
		{3DFC819D-1424-44CE-81CB-3B85480C7CD1}.Release|Any CPU.Build.0 = Release|Any CPU
	EndGlobalSection
	GlobalSection(SolutionProperties) = preSolution
		HideSolutionNode = FALSE
	EndGlobalSection
	GlobalSection(ExtensibilityGlobals) = postSolution
		SolutionGuid = {503FD387-24E7-493C-8685-2E24218A4B8E}
	EndGlobalSection
EndGlobal
