
Microsoft Visual Studio Solution File, Format Version 12.00
# Visual Studio 15
VisualStudioVersion = 15.0.27428.2037
MinimumVisualStudioVersion = 10.0.40219.1
Project("{9A19103F-16F7-4668-BE54-9A1E7A4F7556}") = "LINQ Exercises", "01. LINQ Examples\LINQ Exercises.csproj", "{A2A97E6F-07BA-4805-97CB-293DF576C9B8}"
EndProject
Project("{FAE04EC0-301F-11D3-BF4B-00C04F79EFBC}") = "Little John", "Little John\Little John.csproj", "{44F298F0-3165-4E92-A93E-3E48C137354C}"
EndProject
Project("{FAE04EC0-301F-11D3-BF4B-00C04F79EFBC}") = "Office Stuff", "Office Stuff\Office Stuff.csproj", "{79A3FD91-BC44-4EA6-B16D-73EC668C1325}"
EndProject
Global
	GlobalSection(SolutionConfigurationPlatforms) = preSolution
		Debug|Any CPU = Debug|Any CPU
		Release|Any CPU = Release|Any CPU
	EndGlobalSection
	GlobalSection(ProjectConfigurationPlatforms) = postSolution
		{A2A97E6F-07BA-4805-97CB-293DF576C9B8}.Debug|Any CPU.ActiveCfg = Debug|Any CPU
		{A2A97E6F-07BA-4805-97CB-293DF576C9B8}.Debug|Any CPU.Build.0 = Debug|Any CPU
		{A2A97E6F-07BA-4805-97CB-293DF576C9B8}.Release|Any CPU.ActiveCfg = Release|Any CPU
		{A2A97E6F-07BA-4805-97CB-293DF576C9B8}.Release|Any CPU.Build.0 = Release|Any CPU
		{44F298F0-3165-4E92-A93E-3E48C137354C}.Debug|Any CPU.ActiveCfg = Debug|Any CPU
		{44F298F0-3165-4E92-A93E-3E48C137354C}.Debug|Any CPU.Build.0 = Debug|Any CPU
		{44F298F0-3165-4E92-A93E-3E48C137354C}.Release|Any CPU.ActiveCfg = Release|Any CPU
		{44F298F0-3165-4E92-A93E-3E48C137354C}.Release|Any CPU.Build.0 = Release|Any CPU
		{79A3FD91-BC44-4EA6-B16D-73EC668C1325}.Debug|Any CPU.ActiveCfg = Debug|Any CPU
		{79A3FD91-BC44-4EA6-B16D-73EC668C1325}.Debug|Any CPU.Build.0 = Debug|Any CPU
		{79A3FD91-BC44-4EA6-B16D-73EC668C1325}.Release|Any CPU.ActiveCfg = Release|Any CPU
		{79A3FD91-BC44-4EA6-B16D-73EC668C1325}.Release|Any CPU.Build.0 = Release|Any CPU
	EndGlobalSection
	GlobalSection(SolutionProperties) = preSolution
		HideSolutionNode = FALSE
	EndGlobalSection
	GlobalSection(ExtensibilityGlobals) = postSolution
		SolutionGuid = {7215F5EE-086D-42FC-ACEB-15794AB467BA}
	EndGlobalSection
EndGlobal
