
Microsoft Visual Studio Solution File, Format Version 12.00
# Visual Studio 15
VisualStudioVersion = 15.0.27428.2037
MinimumVisualStudioVersion = 10.0.40219.1
Project("{FAE04EC0-301F-11D3-BF4B-00C04F79EFBC}") = "0.Examples", "0.Examples\0.Examples.csproj", "{380E27B5-36EF-400A-8855-1FF0A5B000E3}"
EndProject
Global
	GlobalSection(SolutionConfigurationPlatforms) = preSolution
		Debug|Any CPU = Debug|Any CPU
		Release|Any CPU = Release|Any CPU
	EndGlobalSection
	GlobalSection(ProjectConfigurationPlatforms) = postSolution
		{380E27B5-36EF-400A-8855-1FF0A5B000E3}.Debug|Any CPU.ActiveCfg = Debug|Any CPU
		{380E27B5-36EF-400A-8855-1FF0A5B000E3}.Debug|Any CPU.Build.0 = Debug|Any CPU
		{380E27B5-36EF-400A-8855-1FF0A5B000E3}.Release|Any CPU.ActiveCfg = Release|Any CPU
		{380E27B5-36EF-400A-8855-1FF0A5B000E3}.Release|Any CPU.Build.0 = Release|Any CPU
	EndGlobalSection
	GlobalSection(SolutionProperties) = preSolution
		HideSolutionNode = FALSE
	EndGlobalSection
	GlobalSection(ExtensibilityGlobals) = postSolution
		SolutionGuid = {3E0C6110-36A7-483A-9A8C-17B9A4BF8706}
	EndGlobalSection
EndGlobal
