
Microsoft Visual Studio Solution File, Format Version 12.00
# Visual Studio 15
VisualStudioVersion = 15.0.27428.2043
MinimumVisualStudioVersion = 10.0.40219.1
Project("{9A19103F-16F7-4668-BE54-9A1E7A4F7556}") = "01. Jedi Meditation", "01. Jedi Meditation\01. Jedi Meditation.csproj", "{CE901A5D-D359-498B-A38D-5FA54D4D8AB7}"
EndProject
Project("{9A19103F-16F7-4668-BE54-9A1E7A4F7556}") = "02. Jedi Galaxy", "02. Jedi Galaxy\02. Jedi Galaxy.csproj", "{2D3FCEAC-783B-424F-A7F1-F8CB1D2D964A}"
EndProject
Project("{9A19103F-16F7-4668-BE54-9A1E7A4F7556}") = "03. Cubic Artillery", "03. Cubic Artillery\03. Cubic Artillery.csproj", "{922F1AC0-7D04-4603-BD60-816E0D46D565}"
EndProject
Project("{9A19103F-16F7-4668-BE54-9A1E7A4F7556}") = "04. Cubic's Rube", "04. Cubic's Rube\04. Cubic's Rube.csproj", "{66840122-B13B-4E45-AF09-B9ACF2C30C81}"
EndProject
Project("{9A19103F-16F7-4668-BE54-9A1E7A4F7556}") = "05. Cubic Assault", "05. Cubic Assault\05. Cubic Assault.csproj", "{B1F77453-4283-4438-B452-CB1B6DF5E2F9}"
EndProject
Project("{9A19103F-16F7-4668-BE54-9A1E7A4F7556}") = "06. Bunker Buster", "06. Bunker Buster\06. Bunker Buster.csproj", "{F4D6C34A-0074-4582-B06A-408ACB0604C1}"
EndProject
Project("{9A19103F-16F7-4668-BE54-9A1E7A4F7556}") = "07. Array Slider", "07. Array Slider\07. Array Slider.csproj", "{CDF8B6C8-256E-40AB-B4AC-5FFD39691921}"
EndProject
Project("{9A19103F-16F7-4668-BE54-9A1E7A4F7556}") = "08. Plus-Remove", "08. Plus-Remove\08. Plus-Remove.csproj", "{CDB22449-3F43-4F55-8D3B-3B685EACCD25}"
EndProject
Project("{9A19103F-16F7-4668-BE54-9A1E7A4F7556}") = "09. Extract Hyperlinks", "09. Extract Hyperlinks\09. Extract Hyperlinks.csproj", "{D3D82034-05E6-49D8-B2A0-C60BAD256C90}"
EndProject
Project("{9A19103F-16F7-4668-BE54-9A1E7A4F7556}") = "10. Semantic HTML", "10. Semantic HTML\10. Semantic HTML.csproj", "{281C10C8-B134-49CE-906C-2719B59387D1}"
EndProject
Project("{9A19103F-16F7-4668-BE54-9A1E7A4F7556}") = "11. X-Removal", "11. X-Removal\11. X-Removal.csproj", "{522EA0CB-1DF4-4CAD-A18F-B28C370FC415}"
EndProject
Project("{9A19103F-16F7-4668-BE54-9A1E7A4F7556}") = "12. Vladko's Notebook", "12. Vladko's Notebook\12. Vladko's Notebook.csproj", "{C6AE0A1D-576B-4DC8-A5CB-8F13DF7D9A84}"
EndProject
Project("{9A19103F-16F7-4668-BE54-9A1E7A4F7556}") = "13. Text Gravity", "13. Text Gravity\13. Text Gravity.csproj", "{AF10050F-2D7B-46C9-998B-57AADD3E802C}"
EndProject
Project("{9A19103F-16F7-4668-BE54-9A1E7A4F7556}") = "14. Uppercase Words", "14. Uppercase Words\14. Uppercase Words.csproj", "{91262F28-1F1C-4791-A6E9-3457C20BA71E}"
EndProject
Project("{9A19103F-16F7-4668-BE54-9A1E7A4F7556}") = "15. Clearing Commands", "15. Clearing Commands\15. Clearing Commands.csproj", "{69C99756-F266-4DB5-9377-A8F9FF92DE5E}"
EndProject
Project("{9A19103F-16F7-4668-BE54-9A1E7A4F7556}") = "16. Little John", "16. Little John\16. Little John.csproj", "{174AC320-032E-4244-AF97-1583EE6D631E}"
EndProject
Project("{9A19103F-16F7-4668-BE54-9A1E7A4F7556}") = "17. Phone Numbers", "17. Phone Numbers\17. Phone Numbers.csproj", "{6C42FED4-2BD2-4900-B5B6-BE52572A376F}"
EndProject
Project("{9A19103F-16F7-4668-BE54-9A1E7A4F7556}") = "18. Sum Of All Values", "18. Sum Of All Values\18. Sum Of All Values.csproj", "{6C8F6D60-50A4-4203-B5ED-02B65E83A658}"
EndProject
Project("{9A19103F-16F7-4668-BE54-9A1E7A4F7556}") = "19. Matrix Shuffle", "19. Matrix Shuffle\19. Matrix Shuffle.csproj", "{76C1609B-5129-4DC6-8D9B-008ABBBF3DCA}"
EndProject
Project("{9A19103F-16F7-4668-BE54-9A1E7A4F7556}") = "20. The Numbers", "20. The Numbers\20. The Numbers.csproj", "{A7433D90-31D4-4B7A-B8F9-A693F443ED3E}"
EndProject
Project("{9A19103F-16F7-4668-BE54-9A1E7A4F7556}") = "21. Parachute", "21. Parachute\21. Parachute.csproj", "{A74F5F44-6F9E-4E7C-B9CA-2000515EACC2}"
EndProject
Project("{9A19103F-16F7-4668-BE54-9A1E7A4F7556}") = "22. Biggest Table Row", "22. Biggest Table Row\22. Biggest Table Row.csproj", "{8AB4797F-C545-4996-8BD9-2DB3C83CAED7}"
EndProject
Project("{9A19103F-16F7-4668-BE54-9A1E7A4F7556}") = "23. PIN Validation", "23. PIN Validation\23. PIN Validation.csproj", "{4DA5A583-38CA-4DF7-83E1-38E8EC168272}"
EndProject
Project("{9A19103F-16F7-4668-BE54-9A1E7A4F7556}") = "24. Chat Logger", "24. Chat Logger\24. Chat Logger.csproj", "{876AD1A3-C6E7-45E2-89DA-AADBF2B7BBEB}"
EndProject
Project("{9A19103F-16F7-4668-BE54-9A1E7A4F7556}") = "25. O, My Girl!", "25. O, My Girl!\25. O, My Girl!.csproj", "{060D7FAA-6D6C-43AF-87E0-0B30A6893F9F}"
EndProject
Project("{9A19103F-16F7-4668-BE54-9A1E7A4F7556}") = "26. IT Village", "26. IT Village\26. IT Village.csproj", "{AF3B2737-1683-4EEA-97A0-8491E369EC56}"
EndProject
Project("{9A19103F-16F7-4668-BE54-9A1E7A4F7556}") = "27. AlgorithmicExercises", "27. AlgorithmicExercises\27. AlgorithmicExercises.csproj", "{2FB26DBC-8BBC-4B6F-9BD1-70AA94FAB668}"
EndProject
Project("{9A19103F-16F7-4668-BE54-9A1E7A4F7556}") = "28. Regeh", "28. Regeh\28. Regeh.csproj", "{815AE37D-710B-45AC-8888-087D6F5DC309}"
EndProject
Project("{9A19103F-16F7-4668-BE54-9A1E7A4F7556}") = "29. Knight Game", "29. Knight Game\29. Knight Game.csproj", "{9EF1DD59-EE0C-4C89-8AC2-A56AFC9B38F6}"
EndProject
Project("{9A19103F-16F7-4668-BE54-9A1E7A4F7556}") = "30. Number Wars", "30. Number Wars\30. Number Wars.csproj", "{39E3317E-B1B9-4CD5-B7DB-32BF7A2B4B30}"
EndProject
Project("{9A19103F-16F7-4668-BE54-9A1E7A4F7556}") = "31. Hospital", "31. Hospital\31. Hospital.csproj", "{0816B7D7-16AF-4B23-92AA-74C86B5850B1}"
EndProject
Project("{9A19103F-16F7-4668-BE54-9A1E7A4F7556}") = "32. Dangerous Floor", "32. Dangerous Floor\32. Dangerous Floor.csproj", "{7122CB1B-7A65-41B5-83C4-B6B59B19F797}"
EndProject
Project("{FAE04EC0-301F-11D3-BF4B-00C04F79EFBC}") = "33. Crypto Master", "33. Crypto Master\33. Crypto Master.csproj", "{98AAA34B-CAEE-46A9-BEC5-834B499246E0}"
EndProject
Global
	GlobalSection(SolutionConfigurationPlatforms) = preSolution
		Debug|Any CPU = Debug|Any CPU
		Release|Any CPU = Release|Any CPU
	EndGlobalSection
	GlobalSection(ProjectConfigurationPlatforms) = postSolution
		{CE901A5D-D359-498B-A38D-5FA54D4D8AB7}.Debug|Any CPU.ActiveCfg = Debug|Any CPU
		{CE901A5D-D359-498B-A38D-5FA54D4D8AB7}.Debug|Any CPU.Build.0 = Debug|Any CPU
		{CE901A5D-D359-498B-A38D-5FA54D4D8AB7}.Release|Any CPU.ActiveCfg = Release|Any CPU
		{CE901A5D-D359-498B-A38D-5FA54D4D8AB7}.Release|Any CPU.Build.0 = Release|Any CPU
		{2D3FCEAC-783B-424F-A7F1-F8CB1D2D964A}.Debug|Any CPU.ActiveCfg = Debug|Any CPU
		{2D3FCEAC-783B-424F-A7F1-F8CB1D2D964A}.Debug|Any CPU.Build.0 = Debug|Any CPU
		{2D3FCEAC-783B-424F-A7F1-F8CB1D2D964A}.Release|Any CPU.ActiveCfg = Release|Any CPU
		{2D3FCEAC-783B-424F-A7F1-F8CB1D2D964A}.Release|Any CPU.Build.0 = Release|Any CPU
		{922F1AC0-7D04-4603-BD60-816E0D46D565}.Debug|Any CPU.ActiveCfg = Debug|Any CPU
		{922F1AC0-7D04-4603-BD60-816E0D46D565}.Debug|Any CPU.Build.0 = Debug|Any CPU
		{922F1AC0-7D04-4603-BD60-816E0D46D565}.Release|Any CPU.ActiveCfg = Release|Any CPU
		{922F1AC0-7D04-4603-BD60-816E0D46D565}.Release|Any CPU.Build.0 = Release|Any CPU
		{66840122-B13B-4E45-AF09-B9ACF2C30C81}.Debug|Any CPU.ActiveCfg = Debug|Any CPU
		{66840122-B13B-4E45-AF09-B9ACF2C30C81}.Debug|Any CPU.Build.0 = Debug|Any CPU
		{66840122-B13B-4E45-AF09-B9ACF2C30C81}.Release|Any CPU.ActiveCfg = Release|Any CPU
		{66840122-B13B-4E45-AF09-B9ACF2C30C81}.Release|Any CPU.Build.0 = Release|Any CPU
		{B1F77453-4283-4438-B452-CB1B6DF5E2F9}.Debug|Any CPU.ActiveCfg = Debug|Any CPU
		{B1F77453-4283-4438-B452-CB1B6DF5E2F9}.Debug|Any CPU.Build.0 = Debug|Any CPU
		{B1F77453-4283-4438-B452-CB1B6DF5E2F9}.Release|Any CPU.ActiveCfg = Release|Any CPU
		{B1F77453-4283-4438-B452-CB1B6DF5E2F9}.Release|Any CPU.Build.0 = Release|Any CPU
		{F4D6C34A-0074-4582-B06A-408ACB0604C1}.Debug|Any CPU.ActiveCfg = Debug|Any CPU
		{F4D6C34A-0074-4582-B06A-408ACB0604C1}.Debug|Any CPU.Build.0 = Debug|Any CPU
		{F4D6C34A-0074-4582-B06A-408ACB0604C1}.Release|Any CPU.ActiveCfg = Release|Any CPU
		{F4D6C34A-0074-4582-B06A-408ACB0604C1}.Release|Any CPU.Build.0 = Release|Any CPU
		{CDF8B6C8-256E-40AB-B4AC-5FFD39691921}.Debug|Any CPU.ActiveCfg = Debug|Any CPU
		{CDF8B6C8-256E-40AB-B4AC-5FFD39691921}.Debug|Any CPU.Build.0 = Debug|Any CPU
		{CDF8B6C8-256E-40AB-B4AC-5FFD39691921}.Release|Any CPU.ActiveCfg = Release|Any CPU
		{CDF8B6C8-256E-40AB-B4AC-5FFD39691921}.Release|Any CPU.Build.0 = Release|Any CPU
		{CDB22449-3F43-4F55-8D3B-3B685EACCD25}.Debug|Any CPU.ActiveCfg = Debug|Any CPU
		{CDB22449-3F43-4F55-8D3B-3B685EACCD25}.Debug|Any CPU.Build.0 = Debug|Any CPU
		{CDB22449-3F43-4F55-8D3B-3B685EACCD25}.Release|Any CPU.ActiveCfg = Release|Any CPU
		{CDB22449-3F43-4F55-8D3B-3B685EACCD25}.Release|Any CPU.Build.0 = Release|Any CPU
		{D3D82034-05E6-49D8-B2A0-C60BAD256C90}.Debug|Any CPU.ActiveCfg = Debug|Any CPU
		{D3D82034-05E6-49D8-B2A0-C60BAD256C90}.Debug|Any CPU.Build.0 = Debug|Any CPU
		{D3D82034-05E6-49D8-B2A0-C60BAD256C90}.Release|Any CPU.ActiveCfg = Release|Any CPU
		{D3D82034-05E6-49D8-B2A0-C60BAD256C90}.Release|Any CPU.Build.0 = Release|Any CPU
		{281C10C8-B134-49CE-906C-2719B59387D1}.Debug|Any CPU.ActiveCfg = Debug|Any CPU
		{281C10C8-B134-49CE-906C-2719B59387D1}.Debug|Any CPU.Build.0 = Debug|Any CPU
		{281C10C8-B134-49CE-906C-2719B59387D1}.Release|Any CPU.ActiveCfg = Release|Any CPU
		{281C10C8-B134-49CE-906C-2719B59387D1}.Release|Any CPU.Build.0 = Release|Any CPU
		{522EA0CB-1DF4-4CAD-A18F-B28C370FC415}.Debug|Any CPU.ActiveCfg = Debug|Any CPU
		{522EA0CB-1DF4-4CAD-A18F-B28C370FC415}.Debug|Any CPU.Build.0 = Debug|Any CPU
		{522EA0CB-1DF4-4CAD-A18F-B28C370FC415}.Release|Any CPU.ActiveCfg = Release|Any CPU
		{522EA0CB-1DF4-4CAD-A18F-B28C370FC415}.Release|Any CPU.Build.0 = Release|Any CPU
		{C6AE0A1D-576B-4DC8-A5CB-8F13DF7D9A84}.Debug|Any CPU.ActiveCfg = Debug|Any CPU
		{C6AE0A1D-576B-4DC8-A5CB-8F13DF7D9A84}.Debug|Any CPU.Build.0 = Debug|Any CPU
		{C6AE0A1D-576B-4DC8-A5CB-8F13DF7D9A84}.Release|Any CPU.ActiveCfg = Release|Any CPU
		{C6AE0A1D-576B-4DC8-A5CB-8F13DF7D9A84}.Release|Any CPU.Build.0 = Release|Any CPU
		{AF10050F-2D7B-46C9-998B-57AADD3E802C}.Debug|Any CPU.ActiveCfg = Debug|Any CPU
		{AF10050F-2D7B-46C9-998B-57AADD3E802C}.Debug|Any CPU.Build.0 = Debug|Any CPU
		{AF10050F-2D7B-46C9-998B-57AADD3E802C}.Release|Any CPU.ActiveCfg = Release|Any CPU
		{AF10050F-2D7B-46C9-998B-57AADD3E802C}.Release|Any CPU.Build.0 = Release|Any CPU
		{91262F28-1F1C-4791-A6E9-3457C20BA71E}.Debug|Any CPU.ActiveCfg = Debug|Any CPU
		{91262F28-1F1C-4791-A6E9-3457C20BA71E}.Debug|Any CPU.Build.0 = Debug|Any CPU
		{91262F28-1F1C-4791-A6E9-3457C20BA71E}.Release|Any CPU.ActiveCfg = Release|Any CPU
		{91262F28-1F1C-4791-A6E9-3457C20BA71E}.Release|Any CPU.Build.0 = Release|Any CPU
		{69C99756-F266-4DB5-9377-A8F9FF92DE5E}.Debug|Any CPU.ActiveCfg = Debug|Any CPU
		{69C99756-F266-4DB5-9377-A8F9FF92DE5E}.Debug|Any CPU.Build.0 = Debug|Any CPU
		{69C99756-F266-4DB5-9377-A8F9FF92DE5E}.Release|Any CPU.ActiveCfg = Release|Any CPU
		{69C99756-F266-4DB5-9377-A8F9FF92DE5E}.Release|Any CPU.Build.0 = Release|Any CPU
		{174AC320-032E-4244-AF97-1583EE6D631E}.Debug|Any CPU.ActiveCfg = Debug|Any CPU
		{174AC320-032E-4244-AF97-1583EE6D631E}.Debug|Any CPU.Build.0 = Debug|Any CPU
		{174AC320-032E-4244-AF97-1583EE6D631E}.Release|Any CPU.ActiveCfg = Release|Any CPU
		{174AC320-032E-4244-AF97-1583EE6D631E}.Release|Any CPU.Build.0 = Release|Any CPU
		{6C42FED4-2BD2-4900-B5B6-BE52572A376F}.Debug|Any CPU.ActiveCfg = Debug|Any CPU
		{6C42FED4-2BD2-4900-B5B6-BE52572A376F}.Debug|Any CPU.Build.0 = Debug|Any CPU
		{6C42FED4-2BD2-4900-B5B6-BE52572A376F}.Release|Any CPU.ActiveCfg = Release|Any CPU
		{6C42FED4-2BD2-4900-B5B6-BE52572A376F}.Release|Any CPU.Build.0 = Release|Any CPU
		{6C8F6D60-50A4-4203-B5ED-02B65E83A658}.Debug|Any CPU.ActiveCfg = Debug|Any CPU
		{6C8F6D60-50A4-4203-B5ED-02B65E83A658}.Debug|Any CPU.Build.0 = Debug|Any CPU
		{6C8F6D60-50A4-4203-B5ED-02B65E83A658}.Release|Any CPU.ActiveCfg = Release|Any CPU
		{6C8F6D60-50A4-4203-B5ED-02B65E83A658}.Release|Any CPU.Build.0 = Release|Any CPU
		{76C1609B-5129-4DC6-8D9B-008ABBBF3DCA}.Debug|Any CPU.ActiveCfg = Debug|Any CPU
		{76C1609B-5129-4DC6-8D9B-008ABBBF3DCA}.Debug|Any CPU.Build.0 = Debug|Any CPU
		{76C1609B-5129-4DC6-8D9B-008ABBBF3DCA}.Release|Any CPU.ActiveCfg = Release|Any CPU
		{76C1609B-5129-4DC6-8D9B-008ABBBF3DCA}.Release|Any CPU.Build.0 = Release|Any CPU
		{A7433D90-31D4-4B7A-B8F9-A693F443ED3E}.Debug|Any CPU.ActiveCfg = Debug|Any CPU
		{A7433D90-31D4-4B7A-B8F9-A693F443ED3E}.Debug|Any CPU.Build.0 = Debug|Any CPU
		{A7433D90-31D4-4B7A-B8F9-A693F443ED3E}.Release|Any CPU.ActiveCfg = Release|Any CPU
		{A7433D90-31D4-4B7A-B8F9-A693F443ED3E}.Release|Any CPU.Build.0 = Release|Any CPU
		{A74F5F44-6F9E-4E7C-B9CA-2000515EACC2}.Debug|Any CPU.ActiveCfg = Debug|Any CPU
		{A74F5F44-6F9E-4E7C-B9CA-2000515EACC2}.Debug|Any CPU.Build.0 = Debug|Any CPU
		{A74F5F44-6F9E-4E7C-B9CA-2000515EACC2}.Release|Any CPU.ActiveCfg = Release|Any CPU
		{A74F5F44-6F9E-4E7C-B9CA-2000515EACC2}.Release|Any CPU.Build.0 = Release|Any CPU
		{8AB4797F-C545-4996-8BD9-2DB3C83CAED7}.Debug|Any CPU.ActiveCfg = Debug|Any CPU
		{8AB4797F-C545-4996-8BD9-2DB3C83CAED7}.Debug|Any CPU.Build.0 = Debug|Any CPU
		{8AB4797F-C545-4996-8BD9-2DB3C83CAED7}.Release|Any CPU.ActiveCfg = Release|Any CPU
		{8AB4797F-C545-4996-8BD9-2DB3C83CAED7}.Release|Any CPU.Build.0 = Release|Any CPU
		{4DA5A583-38CA-4DF7-83E1-38E8EC168272}.Debug|Any CPU.ActiveCfg = Debug|Any CPU
		{4DA5A583-38CA-4DF7-83E1-38E8EC168272}.Debug|Any CPU.Build.0 = Debug|Any CPU
		{4DA5A583-38CA-4DF7-83E1-38E8EC168272}.Release|Any CPU.ActiveCfg = Release|Any CPU
		{4DA5A583-38CA-4DF7-83E1-38E8EC168272}.Release|Any CPU.Build.0 = Release|Any CPU
		{876AD1A3-C6E7-45E2-89DA-AADBF2B7BBEB}.Debug|Any CPU.ActiveCfg = Debug|Any CPU
		{876AD1A3-C6E7-45E2-89DA-AADBF2B7BBEB}.Debug|Any CPU.Build.0 = Debug|Any CPU
		{876AD1A3-C6E7-45E2-89DA-AADBF2B7BBEB}.Release|Any CPU.ActiveCfg = Release|Any CPU
		{876AD1A3-C6E7-45E2-89DA-AADBF2B7BBEB}.Release|Any CPU.Build.0 = Release|Any CPU
		{060D7FAA-6D6C-43AF-87E0-0B30A6893F9F}.Debug|Any CPU.ActiveCfg = Debug|Any CPU
		{060D7FAA-6D6C-43AF-87E0-0B30A6893F9F}.Debug|Any CPU.Build.0 = Debug|Any CPU
		{060D7FAA-6D6C-43AF-87E0-0B30A6893F9F}.Release|Any CPU.ActiveCfg = Release|Any CPU
		{060D7FAA-6D6C-43AF-87E0-0B30A6893F9F}.Release|Any CPU.Build.0 = Release|Any CPU
		{AF3B2737-1683-4EEA-97A0-8491E369EC56}.Debug|Any CPU.ActiveCfg = Debug|Any CPU
		{AF3B2737-1683-4EEA-97A0-8491E369EC56}.Debug|Any CPU.Build.0 = Debug|Any CPU
		{AF3B2737-1683-4EEA-97A0-8491E369EC56}.Release|Any CPU.ActiveCfg = Release|Any CPU
		{AF3B2737-1683-4EEA-97A0-8491E369EC56}.Release|Any CPU.Build.0 = Release|Any CPU
		{2FB26DBC-8BBC-4B6F-9BD1-70AA94FAB668}.Debug|Any CPU.ActiveCfg = Debug|Any CPU
		{2FB26DBC-8BBC-4B6F-9BD1-70AA94FAB668}.Debug|Any CPU.Build.0 = Debug|Any CPU
		{2FB26DBC-8BBC-4B6F-9BD1-70AA94FAB668}.Release|Any CPU.ActiveCfg = Release|Any CPU
		{2FB26DBC-8BBC-4B6F-9BD1-70AA94FAB668}.Release|Any CPU.Build.0 = Release|Any CPU
		{815AE37D-710B-45AC-8888-087D6F5DC309}.Debug|Any CPU.ActiveCfg = Debug|Any CPU
		{815AE37D-710B-45AC-8888-087D6F5DC309}.Debug|Any CPU.Build.0 = Debug|Any CPU
		{815AE37D-710B-45AC-8888-087D6F5DC309}.Release|Any CPU.ActiveCfg = Release|Any CPU
		{815AE37D-710B-45AC-8888-087D6F5DC309}.Release|Any CPU.Build.0 = Release|Any CPU
		{9EF1DD59-EE0C-4C89-8AC2-A56AFC9B38F6}.Debug|Any CPU.ActiveCfg = Debug|Any CPU
		{9EF1DD59-EE0C-4C89-8AC2-A56AFC9B38F6}.Debug|Any CPU.Build.0 = Debug|Any CPU
		{9EF1DD59-EE0C-4C89-8AC2-A56AFC9B38F6}.Release|Any CPU.ActiveCfg = Release|Any CPU
		{9EF1DD59-EE0C-4C89-8AC2-A56AFC9B38F6}.Release|Any CPU.Build.0 = Release|Any CPU
		{39E3317E-B1B9-4CD5-B7DB-32BF7A2B4B30}.Debug|Any CPU.ActiveCfg = Debug|Any CPU
		{39E3317E-B1B9-4CD5-B7DB-32BF7A2B4B30}.Debug|Any CPU.Build.0 = Debug|Any CPU
		{39E3317E-B1B9-4CD5-B7DB-32BF7A2B4B30}.Release|Any CPU.ActiveCfg = Release|Any CPU
		{39E3317E-B1B9-4CD5-B7DB-32BF7A2B4B30}.Release|Any CPU.Build.0 = Release|Any CPU
		{0816B7D7-16AF-4B23-92AA-74C86B5850B1}.Debug|Any CPU.ActiveCfg = Debug|Any CPU
		{0816B7D7-16AF-4B23-92AA-74C86B5850B1}.Debug|Any CPU.Build.0 = Debug|Any CPU
		{0816B7D7-16AF-4B23-92AA-74C86B5850B1}.Release|Any CPU.ActiveCfg = Release|Any CPU
		{0816B7D7-16AF-4B23-92AA-74C86B5850B1}.Release|Any CPU.Build.0 = Release|Any CPU
		{7122CB1B-7A65-41B5-83C4-B6B59B19F797}.Debug|Any CPU.ActiveCfg = Debug|Any CPU
		{7122CB1B-7A65-41B5-83C4-B6B59B19F797}.Debug|Any CPU.Build.0 = Debug|Any CPU
		{7122CB1B-7A65-41B5-83C4-B6B59B19F797}.Release|Any CPU.ActiveCfg = Release|Any CPU
		{7122CB1B-7A65-41B5-83C4-B6B59B19F797}.Release|Any CPU.Build.0 = Release|Any CPU
		{98AAA34B-CAEE-46A9-BEC5-834B499246E0}.Debug|Any CPU.ActiveCfg = Debug|Any CPU
		{98AAA34B-CAEE-46A9-BEC5-834B499246E0}.Debug|Any CPU.Build.0 = Debug|Any CPU
		{98AAA34B-CAEE-46A9-BEC5-834B499246E0}.Release|Any CPU.ActiveCfg = Release|Any CPU
		{98AAA34B-CAEE-46A9-BEC5-834B499246E0}.Release|Any CPU.Build.0 = Release|Any CPU
	EndGlobalSection
	GlobalSection(SolutionProperties) = preSolution
		HideSolutionNode = FALSE
	EndGlobalSection
	GlobalSection(ExtensibilityGlobals) = postSolution
		SolutionGuid = {4035EB28-4466-428E-B772-7AB071A1FA21}
	EndGlobalSection
EndGlobal
