
Microsoft Visual Studio Solution File, Format Version 12.00
# Visual Studio 15
VisualStudioVersion = 15.0.27428.2037
MinimumVisualStudioVersion = 10.0.40219.1
Project("{FAE04EC0-301F-11D3-BF4B-00C04F79EFBC}") = "0. Examples", "0. Examples\0. Examples.csproj", "{969A68DF-3745-4DF4-A836-8F504E02D466}"
EndProject
Project("{FAE04EC0-301F-11D3-BF4B-00C04F79EFBC}") = "01. Sum Matrix Elements", "01. Sum Matrix Elements\01. Sum Matrix Elements.csproj", "{E96D575A-15DC-4134-BC8A-CCADF6B44ECA}"
EndProject
Project("{FAE04EC0-301F-11D3-BF4B-00C04F79EFBC}") = "02. Square With Maximum Sum", "02. Square With Maximum Sum\02. Square With Maximum Sum.csproj", "{4CEBF866-2DFD-4C65-819E-94634357D633}"
EndProject
Project("{FAE04EC0-301F-11D3-BF4B-00C04F79EFBC}") = "03. Group Numbers", "03. Group Numbers\03. Group Numbers.csproj", "{343329BF-6016-48F2-A995-2D1815D798D7}"
EndProject
Project("{FAE04EC0-301F-11D3-BF4B-00C04F79EFBC}") = "04. Pascal Triangle", "04. Pascal Triangle\04. Pascal Triangle.csproj", "{B5396434-E1D6-4D74-AAFB-4C6DCCB5091C}"
EndProject
Global
	GlobalSection(SolutionConfigurationPlatforms) = preSolution
		Debug|Any CPU = Debug|Any CPU
		Release|Any CPU = Release|Any CPU
	EndGlobalSection
	GlobalSection(ProjectConfigurationPlatforms) = postSolution
		{969A68DF-3745-4DF4-A836-8F504E02D466}.Debug|Any CPU.ActiveCfg = Debug|Any CPU
		{969A68DF-3745-4DF4-A836-8F504E02D466}.Debug|Any CPU.Build.0 = Debug|Any CPU
		{969A68DF-3745-4DF4-A836-8F504E02D466}.Release|Any CPU.ActiveCfg = Release|Any CPU
		{969A68DF-3745-4DF4-A836-8F504E02D466}.Release|Any CPU.Build.0 = Release|Any CPU
		{E96D575A-15DC-4134-BC8A-CCADF6B44ECA}.Debug|Any CPU.ActiveCfg = Debug|Any CPU
		{E96D575A-15DC-4134-BC8A-CCADF6B44ECA}.Debug|Any CPU.Build.0 = Debug|Any CPU
		{E96D575A-15DC-4134-BC8A-CCADF6B44ECA}.Release|Any CPU.ActiveCfg = Release|Any CPU
		{E96D575A-15DC-4134-BC8A-CCADF6B44ECA}.Release|Any CPU.Build.0 = Release|Any CPU
		{4CEBF866-2DFD-4C65-819E-94634357D633}.Debug|Any CPU.ActiveCfg = Debug|Any CPU
		{4CEBF866-2DFD-4C65-819E-94634357D633}.Debug|Any CPU.Build.0 = Debug|Any CPU
		{4CEBF866-2DFD-4C65-819E-94634357D633}.Release|Any CPU.ActiveCfg = Release|Any CPU
		{4CEBF866-2DFD-4C65-819E-94634357D633}.Release|Any CPU.Build.0 = Release|Any CPU
		{343329BF-6016-48F2-A995-2D1815D798D7}.Debug|Any CPU.ActiveCfg = Debug|Any CPU
		{343329BF-6016-48F2-A995-2D1815D798D7}.Debug|Any CPU.Build.0 = Debug|Any CPU
		{343329BF-6016-48F2-A995-2D1815D798D7}.Release|Any CPU.ActiveCfg = Release|Any CPU
		{343329BF-6016-48F2-A995-2D1815D798D7}.Release|Any CPU.Build.0 = Release|Any CPU
		{B5396434-E1D6-4D74-AAFB-4C6DCCB5091C}.Debug|Any CPU.ActiveCfg = Debug|Any CPU
		{B5396434-E1D6-4D74-AAFB-4C6DCCB5091C}.Debug|Any CPU.Build.0 = Debug|Any CPU
		{B5396434-E1D6-4D74-AAFB-4C6DCCB5091C}.Release|Any CPU.ActiveCfg = Release|Any CPU
		{B5396434-E1D6-4D74-AAFB-4C6DCCB5091C}.Release|Any CPU.Build.0 = Release|Any CPU
	EndGlobalSection
	GlobalSection(SolutionProperties) = preSolution
		HideSolutionNode = FALSE
	EndGlobalSection
	GlobalSection(ExtensibilityGlobals) = postSolution
		SolutionGuid = {C7175325-6A25-47C3-99C3-185308668E64}
	EndGlobalSection
EndGlobal
