
Microsoft Visual Studio Solution File, Format Version 12.00
# Visual Studio 15
VisualStudioVersion = 15.0.27428.2037
MinimumVisualStudioVersion = 10.0.40219.1
Project("{FAE04EC0-301F-11D3-BF4B-00C04F79EFBC}") = "01. Action Print", "01. Action Print\01. Action Print.csproj", "{3450E5B9-0FE8-419A-9F06-FFD676C06E90}"
EndProject
Project("{FAE04EC0-301F-11D3-BF4B-00C04F79EFBC}") = "02. Knights of Honor", "02. Knights of Honor\02. Knights of Honor.csproj", "{67E727BD-CE98-4254-8712-B4B7C6879CD1}"
EndProject
Project("{FAE04EC0-301F-11D3-BF4B-00C04F79EFBC}") = "03. Custom Min Function", "03. Custom Min Function\03. Custom Min Function.csproj", "{BC5C697E-52A0-4FB4-845B-FD33680FB7B9}"
EndProject
Project("{FAE04EC0-301F-11D3-BF4B-00C04F79EFBC}") = "04. Find Evens or Odds", "04. Find Evens or Odds\04. Find Evens or Odds.csproj", "{3490454B-8238-4E64-98F5-E65AEB539F88}"
EndProject
Global
	GlobalSection(SolutionConfigurationPlatforms) = preSolution
		Debug|Any CPU = Debug|Any CPU
		Release|Any CPU = Release|Any CPU
	EndGlobalSection
	GlobalSection(ProjectConfigurationPlatforms) = postSolution
		{3450E5B9-0FE8-419A-9F06-FFD676C06E90}.Debug|Any CPU.ActiveCfg = Debug|Any CPU
		{3450E5B9-0FE8-419A-9F06-FFD676C06E90}.Debug|Any CPU.Build.0 = Debug|Any CPU
		{3450E5B9-0FE8-419A-9F06-FFD676C06E90}.Release|Any CPU.ActiveCfg = Release|Any CPU
		{3450E5B9-0FE8-419A-9F06-FFD676C06E90}.Release|Any CPU.Build.0 = Release|Any CPU
		{67E727BD-CE98-4254-8712-B4B7C6879CD1}.Debug|Any CPU.ActiveCfg = Debug|Any CPU
		{67E727BD-CE98-4254-8712-B4B7C6879CD1}.Debug|Any CPU.Build.0 = Debug|Any CPU
		{67E727BD-CE98-4254-8712-B4B7C6879CD1}.Release|Any CPU.ActiveCfg = Release|Any CPU
		{67E727BD-CE98-4254-8712-B4B7C6879CD1}.Release|Any CPU.Build.0 = Release|Any CPU
		{BC5C697E-52A0-4FB4-845B-FD33680FB7B9}.Debug|Any CPU.ActiveCfg = Debug|Any CPU
		{BC5C697E-52A0-4FB4-845B-FD33680FB7B9}.Debug|Any CPU.Build.0 = Debug|Any CPU
		{BC5C697E-52A0-4FB4-845B-FD33680FB7B9}.Release|Any CPU.ActiveCfg = Release|Any CPU
		{BC5C697E-52A0-4FB4-845B-FD33680FB7B9}.Release|Any CPU.Build.0 = Release|Any CPU
		{3490454B-8238-4E64-98F5-E65AEB539F88}.Debug|Any CPU.ActiveCfg = Debug|Any CPU
		{3490454B-8238-4E64-98F5-E65AEB539F88}.Debug|Any CPU.Build.0 = Debug|Any CPU
		{3490454B-8238-4E64-98F5-E65AEB539F88}.Release|Any CPU.ActiveCfg = Release|Any CPU
		{3490454B-8238-4E64-98F5-E65AEB539F88}.Release|Any CPU.Build.0 = Release|Any CPU
	EndGlobalSection
	GlobalSection(SolutionProperties) = preSolution
		HideSolutionNode = FALSE
	EndGlobalSection
	GlobalSection(ExtensibilityGlobals) = postSolution
		SolutionGuid = {CA703134-AD77-48B1-A8EF-AAF157F82A9D}
	EndGlobalSection
EndGlobal
