
Microsoft Visual Studio Solution File, Format Version 12.00
# Visual Studio 15
VisualStudioVersion = 15.0.27428.2037
MinimumVisualStudioVersion = 10.0.40219.1
Project("{9A19103F-16F7-4668-BE54-9A1E7A4F7556}") = "01. Action Print", "01. Action Print\01. Action Print.csproj", "{3450E5B9-0FE8-419A-9F06-FFD676C06E90}"
EndProject
Project("{9A19103F-16F7-4668-BE54-9A1E7A4F7556}") = "02. Knights of Honor", "02. Knights of Honor\02. Knights of Honor.csproj", "{67E727BD-CE98-4254-8712-B4B7C6879CD1}"
EndProject
Project("{9A19103F-16F7-4668-BE54-9A1E7A4F7556}") = "03. Custom Min Function", "03. Custom Min Function\03. Custom Min Function.csproj", "{BC5C697E-52A0-4FB4-845B-FD33680FB7B9}"
EndProject
Project("{9A19103F-16F7-4668-BE54-9A1E7A4F7556}") = "04. Find Evens or Odds", "04. Find Evens or Odds\04. Find Evens or Odds.csproj", "{3490454B-8238-4E64-98F5-E65AEB539F88}"
EndProject
Project("{9A19103F-16F7-4668-BE54-9A1E7A4F7556}") = "05. Applied Arithmetics", "05. Applied Arithmetics\05. Applied Arithmetics.csproj", "{5055B03D-3041-4A5D-8A44-8669FB15E26B}"
EndProject
Project("{9A19103F-16F7-4668-BE54-9A1E7A4F7556}") = "06. Reverse And Exclude", "06. Reverse And Exclude\06. Reverse And Exclude.csproj", "{B795B816-AE0A-49C5-AD96-16501A413BB2}"
EndProject
Project("{9A19103F-16F7-4668-BE54-9A1E7A4F7556}") = "07. Predicate For Names", "07. Predicate For Names\07. Predicate For Names.csproj", "{C9193536-3D38-404E-B2AD-368226690066}"
EndProject
Project("{9A19103F-16F7-4668-BE54-9A1E7A4F7556}") = "08. Custom Comparator", "08. Custom Comparator\08. Custom Comparator.csproj", "{24C76E1F-9E6F-481C-9086-D8EA343A191E}"
EndProject
Project("{FAE04EC0-301F-11D3-BF4B-00C04F79EFBC}") = "09. List Of Predicates", "09. List Of Predicates\09. List Of Predicates.csproj", "{5D651F0B-4546-4068-AAFA-DC06D489E6AA}"
EndProject
Project("{FAE04EC0-301F-11D3-BF4B-00C04F79EFBC}") = "10. Predicate Party", "10. Predicate Party\10. Predicate Party.csproj", "{959B465F-CA3B-4845-A682-15520D248F4D}"
EndProject
Project("{FAE04EC0-301F-11D3-BF4B-00C04F79EFBC}") = "11. The Party Reservation Filter Module", "11. The Party Reservation Filter Module\11. The Party Reservation Filter Module.csproj", "{C472A415-8E4F-45B2-A2B5-384D736C4110}"
EndProject
Project("{FAE04EC0-301F-11D3-BF4B-00C04F79EFBC}") = "12. Inferno III", "12. Inferno III\12. Inferno III.csproj", "{D6CCE8EE-74A5-4E1C-8061-E86465E59FFC}"
EndProject
Project("{FAE04EC0-301F-11D3-BF4B-00C04F79EFBC}") = "13. TriFunction", "13. TriFunction\13. TriFunction.csproj", "{34B1A0CE-EF83-4CB1-81E1-97F0C0EDC95F}"
EndProject
Global
	GlobalSection(SolutionConfigurationPlatforms) = preSolution
		Debug|Any CPU = Debug|Any CPU
		Release|Any CPU = Release|Any CPU
	EndGlobalSection
	GlobalSection(ProjectConfigurationPlatforms) = postSolution
		{3450E5B9-0FE8-419A-9F06-FFD676C06E90}.Debug|Any CPU.ActiveCfg = Debug|Any CPU
		{3450E5B9-0FE8-419A-9F06-FFD676C06E90}.Debug|Any CPU.Build.0 = Debug|Any CPU
		{3450E5B9-0FE8-419A-9F06-FFD676C06E90}.Release|Any CPU.ActiveCfg = Release|Any CPU
		{3450E5B9-0FE8-419A-9F06-FFD676C06E90}.Release|Any CPU.Build.0 = Release|Any CPU
		{67E727BD-CE98-4254-8712-B4B7C6879CD1}.Debug|Any CPU.ActiveCfg = Debug|Any CPU
		{67E727BD-CE98-4254-8712-B4B7C6879CD1}.Debug|Any CPU.Build.0 = Debug|Any CPU
		{67E727BD-CE98-4254-8712-B4B7C6879CD1}.Release|Any CPU.ActiveCfg = Release|Any CPU
		{67E727BD-CE98-4254-8712-B4B7C6879CD1}.Release|Any CPU.Build.0 = Release|Any CPU
		{BC5C697E-52A0-4FB4-845B-FD33680FB7B9}.Debug|Any CPU.ActiveCfg = Debug|Any CPU
		{BC5C697E-52A0-4FB4-845B-FD33680FB7B9}.Debug|Any CPU.Build.0 = Debug|Any CPU
		{BC5C697E-52A0-4FB4-845B-FD33680FB7B9}.Release|Any CPU.ActiveCfg = Release|Any CPU
		{BC5C697E-52A0-4FB4-845B-FD33680FB7B9}.Release|Any CPU.Build.0 = Release|Any CPU
		{3490454B-8238-4E64-98F5-E65AEB539F88}.Debug|Any CPU.ActiveCfg = Debug|Any CPU
		{3490454B-8238-4E64-98F5-E65AEB539F88}.Debug|Any CPU.Build.0 = Debug|Any CPU
		{3490454B-8238-4E64-98F5-E65AEB539F88}.Release|Any CPU.ActiveCfg = Release|Any CPU
		{3490454B-8238-4E64-98F5-E65AEB539F88}.Release|Any CPU.Build.0 = Release|Any CPU
		{5055B03D-3041-4A5D-8A44-8669FB15E26B}.Debug|Any CPU.ActiveCfg = Debug|Any CPU
		{5055B03D-3041-4A5D-8A44-8669FB15E26B}.Debug|Any CPU.Build.0 = Debug|Any CPU
		{5055B03D-3041-4A5D-8A44-8669FB15E26B}.Release|Any CPU.ActiveCfg = Release|Any CPU
		{5055B03D-3041-4A5D-8A44-8669FB15E26B}.Release|Any CPU.Build.0 = Release|Any CPU
		{B795B816-AE0A-49C5-AD96-16501A413BB2}.Debug|Any CPU.ActiveCfg = Debug|Any CPU
		{B795B816-AE0A-49C5-AD96-16501A413BB2}.Debug|Any CPU.Build.0 = Debug|Any CPU
		{B795B816-AE0A-49C5-AD96-16501A413BB2}.Release|Any CPU.ActiveCfg = Release|Any CPU
		{B795B816-AE0A-49C5-AD96-16501A413BB2}.Release|Any CPU.Build.0 = Release|Any CPU
		{C9193536-3D38-404E-B2AD-368226690066}.Debug|Any CPU.ActiveCfg = Debug|Any CPU
		{C9193536-3D38-404E-B2AD-368226690066}.Debug|Any CPU.Build.0 = Debug|Any CPU
		{C9193536-3D38-404E-B2AD-368226690066}.Release|Any CPU.ActiveCfg = Release|Any CPU
		{C9193536-3D38-404E-B2AD-368226690066}.Release|Any CPU.Build.0 = Release|Any CPU
		{24C76E1F-9E6F-481C-9086-D8EA343A191E}.Debug|Any CPU.ActiveCfg = Debug|Any CPU
		{24C76E1F-9E6F-481C-9086-D8EA343A191E}.Debug|Any CPU.Build.0 = Debug|Any CPU
		{24C76E1F-9E6F-481C-9086-D8EA343A191E}.Release|Any CPU.ActiveCfg = Release|Any CPU
		{24C76E1F-9E6F-481C-9086-D8EA343A191E}.Release|Any CPU.Build.0 = Release|Any CPU
		{5D651F0B-4546-4068-AAFA-DC06D489E6AA}.Debug|Any CPU.ActiveCfg = Debug|Any CPU
		{5D651F0B-4546-4068-AAFA-DC06D489E6AA}.Debug|Any CPU.Build.0 = Debug|Any CPU
		{5D651F0B-4546-4068-AAFA-DC06D489E6AA}.Release|Any CPU.ActiveCfg = Release|Any CPU
		{5D651F0B-4546-4068-AAFA-DC06D489E6AA}.Release|Any CPU.Build.0 = Release|Any CPU
		{959B465F-CA3B-4845-A682-15520D248F4D}.Debug|Any CPU.ActiveCfg = Debug|Any CPU
		{959B465F-CA3B-4845-A682-15520D248F4D}.Debug|Any CPU.Build.0 = Debug|Any CPU
		{959B465F-CA3B-4845-A682-15520D248F4D}.Release|Any CPU.ActiveCfg = Release|Any CPU
		{959B465F-CA3B-4845-A682-15520D248F4D}.Release|Any CPU.Build.0 = Release|Any CPU
		{C472A415-8E4F-45B2-A2B5-384D736C4110}.Debug|Any CPU.ActiveCfg = Debug|Any CPU
		{C472A415-8E4F-45B2-A2B5-384D736C4110}.Debug|Any CPU.Build.0 = Debug|Any CPU
		{C472A415-8E4F-45B2-A2B5-384D736C4110}.Release|Any CPU.ActiveCfg = Release|Any CPU
		{C472A415-8E4F-45B2-A2B5-384D736C4110}.Release|Any CPU.Build.0 = Release|Any CPU
		{D6CCE8EE-74A5-4E1C-8061-E86465E59FFC}.Debug|Any CPU.ActiveCfg = Debug|Any CPU
		{D6CCE8EE-74A5-4E1C-8061-E86465E59FFC}.Debug|Any CPU.Build.0 = Debug|Any CPU
		{D6CCE8EE-74A5-4E1C-8061-E86465E59FFC}.Release|Any CPU.ActiveCfg = Release|Any CPU
		{D6CCE8EE-74A5-4E1C-8061-E86465E59FFC}.Release|Any CPU.Build.0 = Release|Any CPU
		{34B1A0CE-EF83-4CB1-81E1-97F0C0EDC95F}.Debug|Any CPU.ActiveCfg = Debug|Any CPU
		{34B1A0CE-EF83-4CB1-81E1-97F0C0EDC95F}.Debug|Any CPU.Build.0 = Debug|Any CPU
		{34B1A0CE-EF83-4CB1-81E1-97F0C0EDC95F}.Release|Any CPU.ActiveCfg = Release|Any CPU
		{34B1A0CE-EF83-4CB1-81E1-97F0C0EDC95F}.Release|Any CPU.Build.0 = Release|Any CPU
	EndGlobalSection
	GlobalSection(SolutionProperties) = preSolution
		HideSolutionNode = FALSE
	EndGlobalSection
	GlobalSection(ExtensibilityGlobals) = postSolution
		SolutionGuid = {CA703134-AD77-48B1-A8EF-AAF157F82A9D}
	EndGlobalSection
EndGlobal
