
Microsoft Visual Studio Solution File, Format Version 12.00
# Visual Studio 15
VisualStudioVersion = 15.0.27428.2037
MinimumVisualStudioVersion = 10.0.40219.1
Project("{FAE04EC0-301F-11D3-BF4B-00C04F79EFBC}") = "01. Matrix of Palindromes", "01. Matrix of Palindromes\01. Matrix of Palindromes.csproj", "{65CB536C-4672-4CD4-8C7E-1027FB66FC5B}"
EndProject
Project("{FAE04EC0-301F-11D3-BF4B-00C04F79EFBC}") = "02. Diagonal Difference", "02. Diagonal Difference\02. Diagonal Difference.csproj", "{F6388980-E30E-4675-924C-1FEBE4AE94F9}"
EndProject
Project("{FAE04EC0-301F-11D3-BF4B-00C04F79EFBC}") = "03. Squares in Matrix", "03. Squares in Matrix\03. Squares in Matrix.csproj", "{304413C0-964A-4776-8F2C-B71D8FA1C096}"
EndProject
Project("{FAE04EC0-301F-11D3-BF4B-00C04F79EFBC}") = "04. Maximal Sum", "04. Maximal Sum\04. Maximal Sum.csproj", "{D5BCB917-6F44-4AB0-AF2A-F4F6F6D702D6}"
EndProject
Global
	GlobalSection(SolutionConfigurationPlatforms) = preSolution
		Debug|Any CPU = Debug|Any CPU
		Release|Any CPU = Release|Any CPU
	EndGlobalSection
	GlobalSection(ProjectConfigurationPlatforms) = postSolution
		{65CB536C-4672-4CD4-8C7E-1027FB66FC5B}.Debug|Any CPU.ActiveCfg = Debug|Any CPU
		{65CB536C-4672-4CD4-8C7E-1027FB66FC5B}.Debug|Any CPU.Build.0 = Debug|Any CPU
		{65CB536C-4672-4CD4-8C7E-1027FB66FC5B}.Release|Any CPU.ActiveCfg = Release|Any CPU
		{65CB536C-4672-4CD4-8C7E-1027FB66FC5B}.Release|Any CPU.Build.0 = Release|Any CPU
		{F6388980-E30E-4675-924C-1FEBE4AE94F9}.Debug|Any CPU.ActiveCfg = Debug|Any CPU
		{F6388980-E30E-4675-924C-1FEBE4AE94F9}.Debug|Any CPU.Build.0 = Debug|Any CPU
		{F6388980-E30E-4675-924C-1FEBE4AE94F9}.Release|Any CPU.ActiveCfg = Release|Any CPU
		{F6388980-E30E-4675-924C-1FEBE4AE94F9}.Release|Any CPU.Build.0 = Release|Any CPU
		{304413C0-964A-4776-8F2C-B71D8FA1C096}.Debug|Any CPU.ActiveCfg = Debug|Any CPU
		{304413C0-964A-4776-8F2C-B71D8FA1C096}.Debug|Any CPU.Build.0 = Debug|Any CPU
		{304413C0-964A-4776-8F2C-B71D8FA1C096}.Release|Any CPU.ActiveCfg = Release|Any CPU
		{304413C0-964A-4776-8F2C-B71D8FA1C096}.Release|Any CPU.Build.0 = Release|Any CPU
		{D5BCB917-6F44-4AB0-AF2A-F4F6F6D702D6}.Debug|Any CPU.ActiveCfg = Debug|Any CPU
		{D5BCB917-6F44-4AB0-AF2A-F4F6F6D702D6}.Debug|Any CPU.Build.0 = Debug|Any CPU
		{D5BCB917-6F44-4AB0-AF2A-F4F6F6D702D6}.Release|Any CPU.ActiveCfg = Release|Any CPU
		{D5BCB917-6F44-4AB0-AF2A-F4F6F6D702D6}.Release|Any CPU.Build.0 = Release|Any CPU
	EndGlobalSection
	GlobalSection(SolutionProperties) = preSolution
		HideSolutionNode = FALSE
	EndGlobalSection
	GlobalSection(ExtensibilityGlobals) = postSolution
		SolutionGuid = {22817C11-D03D-4FF2-96E6-F5F6B9650ABF}
	EndGlobalSection
EndGlobal
